
Microsoft Visual Studio Solution File, Format Version 12.00
# Visual Studio 15
VisualStudioVersion = 15.0.28307.902
MinimumVisualStudioVersion = 10.0.40219.1
Project("{FAE04EC0-301F-11D3-BF4B-00C04F79EFBC}") = "DependencyInversionStudy", "DependencyInversionStudy\DependencyInversionStudy.csproj", "{8E241310-F2FB-4C40-9D2F-C7ADE6726A3F}"
EndProject
Project("{FAE04EC0-301F-11D3-BF4B-00C04F79EFBC}") = "DemoLibrary", "DemoLibrary\DemoLibrary.csproj", "{536FAB0B-FF7E-42B8-9F9E-76FABF7C78B9}"
EndProject
Global
	GlobalSection(SolutionConfigurationPlatforms) = preSolution
		Debug|Any CPU = Debug|Any CPU
		Release|Any CPU = Release|Any CPU
	EndGlobalSection
	GlobalSection(ProjectConfigurationPlatforms) = postSolution
		{8E241310-F2FB-4C40-9D2F-C7ADE6726A3F}.Debug|Any CPU.ActiveCfg = Debug|Any CPU
		{8E241310-F2FB-4C40-9D2F-C7ADE6726A3F}.Debug|Any CPU.Build.0 = Debug|Any CPU
		{8E241310-F2FB-4C40-9D2F-C7ADE6726A3F}.Release|Any CPU.ActiveCfg = Release|Any CPU
		{8E241310-F2FB-4C40-9D2F-C7ADE6726A3F}.Release|Any CPU.Build.0 = Release|Any CPU
		{536FAB0B-FF7E-42B8-9F9E-76FABF7C78B9}.Debug|Any CPU.ActiveCfg = Debug|Any CPU
		{536FAB0B-FF7E-42B8-9F9E-76FABF7C78B9}.Debug|Any CPU.Build.0 = Debug|Any CPU
		{536FAB0B-FF7E-42B8-9F9E-76FABF7C78B9}.Release|Any CPU.ActiveCfg = Release|Any CPU
		{536FAB0B-FF7E-42B8-9F9E-76FABF7C78B9}.Release|Any CPU.Build.0 = Release|Any CPU
	EndGlobalSection
	GlobalSection(SolutionProperties) = preSolution
		HideSolutionNode = FALSE
	EndGlobalSection
	GlobalSection(ExtensibilityGlobals) = postSolution
		SolutionGuid = {D42BFEF8-6F7A-4003-AB02-EE715DFF8D6D}
	EndGlobalSection
EndGlobal
